
Microsoft Visual Studio Solution File, Format Version 12.00
# Visual Studio Version 16
VisualStudioVersion = 16.0.31702.278
MinimumVisualStudioVersion = 10.0.40219.1
Project("{FAE04EC0-301F-11D3-BF4B-00C04F79EFBC}") = "ZoomedInMaze", "ZoomedInMaze.csproj", "{37D9F5D8-918D-459A-BEA5-173965C7C13A}"
EndProject
Global
	GlobalSection(SolutionConfigurationPlatforms) = preSolution
		Debug|Any CPU = Debug|Any CPU
		Release|Any CPU = Release|Any CPU
	EndGlobalSection
	GlobalSection(ProjectConfigurationPlatforms) = postSolution
		{37D9F5D8-918D-459A-BEA5-173965C7C13A}.Debug|Any CPU.ActiveCfg = Debug|Any CPU
		{37D9F5D8-918D-459A-BEA5-173965C7C13A}.Debug|Any CPU.Build.0 = Debug|Any CPU
		{37D9F5D8-918D-459A-BEA5-173965C7C13A}.Release|Any CPU.ActiveCfg = Release|Any CPU
		{37D9F5D8-918D-459A-BEA5-173965C7C13A}.Release|Any CPU.Build.0 = Release|Any CPU
	EndGlobalSection
	GlobalSection(SolutionProperties) = preSolution
		HideSolutionNode = FALSE
	EndGlobalSection
	GlobalSection(ExtensibilityGlobals) = postSolution
		SolutionGuid = {238A781A-F2C1-43A8-B809-7477A54F8E1A}
	EndGlobalSection
EndGlobal
